
Microsoft Visual Studio Solution File, Format Version 12.00
# Visual Studio Version 17
VisualStudioVersion = 17.9.34701.34
MinimumVisualStudioVersion = 10.0.40219.1
Project("{9A19103F-16F7-4668-BE54-9A1E7A4F7556}") = "ApiGestaoFinanceira", "ApiGestaoFinanceira\ApiGestaoFinanceira.csproj", "{61B600C8-409E-4450-B1F9-A2BED3F4AE1D}"
EndProject
Global
	GlobalSection(SolutionConfigurationPlatforms) = preSolution
		Debug|Any CPU = Debug|Any CPU
		Release|Any CPU = Release|Any CPU
	EndGlobalSection
	GlobalSection(ProjectConfigurationPlatforms) = postSolution
		{61B600C8-409E-4450-B1F9-A2BED3F4AE1D}.Debug|Any CPU.ActiveCfg = Debug|Any CPU
		{61B600C8-409E-4450-B1F9-A2BED3F4AE1D}.Debug|Any CPU.Build.0 = Debug|Any CPU
		{61B600C8-409E-4450-B1F9-A2BED3F4AE1D}.Release|Any CPU.ActiveCfg = Release|Any CPU
		{61B600C8-409E-4450-B1F9-A2BED3F4AE1D}.Release|Any CPU.Build.0 = Release|Any CPU
	EndGlobalSection
	GlobalSection(SolutionProperties) = preSolution
		HideSolutionNode = FALSE
	EndGlobalSection
	GlobalSection(ExtensibilityGlobals) = postSolution
		SolutionGuid = {48026E72-8EE0-4DE4-89FA-0CD0117E6C4C}
	EndGlobalSection
EndGlobal
